<?xml version="1.0" encoding="utf-8"?>
<Project ToolsVersion="17.0" xmlns="http://schemas.microsoft.com/developer/msbuild/2003">
  <ItemGroup>
    <CustomBuild Include="C:\Users\felyl\git\mp2-lab1-set\CMakeFiles\0441140496bb6303051d753cb7da805c\generate.stamp.rule">
      <Filter>CMake Rules</Filter>
    </CustomBuild>
  </ItemGroup>
  <ItemGroup>
    <Filter Include="CMake Rules">
      <UniqueIdentifier>{20A967A1-83AA-3699-92B2-4AF508A7EC14}</UniqueIdentifier>
    </Filter>
  </ItemGroup>
</Project>
