<?xml version="1.0" encoding="utf-8"?>
<Project ToolsVersion="17.0" xmlns="http://schemas.microsoft.com/developer/msbuild/2003">
  <ItemGroup>
    <ClCompile Include="C:\Users\felyl\git\mp2-lab1-set\sample2\CrossRoad.cpp">
      <Filter>Source Files</Filter>
    </ClCompile>
    <ClCompile Include="C:\Users\felyl\git\mp2-lab1-set\sample2\TrafficLights.cpp">
      <Filter>Source Files</Filter>
    </ClCompile>
    <ClCompile Include="C:\Users\felyl\git\mp2-lab1-set\sample2\main.cpp">
      <Filter>Source Files</Filter>
    </ClCompile>
  </ItemGroup>
  <ItemGroup>
    <ClInclude Include="C:\Users\felyl\git\mp2-lab1-set\sample2\CrossRoad.h">
      <Filter>Header Files</Filter>
    </ClInclude>
    <ClInclude Include="C:\Users\felyl\git\mp2-lab1-set\sample2\TrafficLights.h">
      <Filter>Header Files</Filter>
    </ClInclude>
  </ItemGroup>
  <ItemGroup>
    <CustomBuild Include="C:\Users\felyl\git\mp2-lab1-set\sample2\CMakeLists.txt" />
  </ItemGroup>
  <ItemGroup>
    <Filter Include="Header Files">
      <UniqueIdentifier>{1BA946DE-9F63-3B9B-9044-7FB9C4839027}</UniqueIdentifier>
    </Filter>
    <Filter Include="Source Files">
      <UniqueIdentifier>{759A1101-80C1-3939-8610-5D1684955C87}</UniqueIdentifier>
    </Filter>
  </ItemGroup>
</Project>
